
Microsoft Visual Studio Solution File, Format Version 12.00
# Visual Studio Version 17
VisualStudioVersion = 17.9.34902.65
MinimumVisualStudioVersion = 10.0.40219.1
Project("{FAE04EC0-301F-11D3-BF4B-00C04F79EFBC}") = "Plotter", "Plotter\Plotter.csproj", "{8719D151-5DFC-4109-9983-2BCAF4564064}"
EndProject
Global
	GlobalSection(SolutionConfigurationPlatforms) = preSolution
		Debug|Any CPU = Debug|Any CPU
		Release|Any CPU = Release|Any CPU
	EndGlobalSection
	GlobalSection(ProjectConfigurationPlatforms) = postSolution
		{8719D151-5DFC-4109-9983-2BCAF4564064}.Debug|Any CPU.ActiveCfg = Debug|Any CPU
		{8719D151-5DFC-4109-9983-2BCAF4564064}.Debug|Any CPU.Build.0 = Debug|Any CPU
		{8719D151-5DFC-4109-9983-2BCAF4564064}.Release|Any CPU.ActiveCfg = Release|Any CPU
		{8719D151-5DFC-4109-9983-2BCAF4564064}.Release|Any CPU.Build.0 = Release|Any CPU
	EndGlobalSection
	GlobalSection(SolutionProperties) = preSolution
		HideSolutionNode = FALSE
	EndGlobalSection
	GlobalSection(ExtensibilityGlobals) = postSolution
		SolutionGuid = {1BBF0EC2-09B7-4989-ADC3-A787AF248B21}
	EndGlobalSection
EndGlobal
